Microsoft Visual Studio Solution File, Format Version 12.00
# Visual Studio Version 17
VisualStudioVersion = 17.5.2.0
MinimumVisualStudioVersion = 10.0.40219.1
Project("{2150E333-8FDC-42A3-9474-1A3956D46DE8}") = "UnityCloudBuildTestProject", "UnityCloudBuildTestProject", "{101EAE0D-7966-7BA9-9E63-1495CD153055}"
EndProject
Project("{FAE04EC0-301F-11D3-BF4B-00C04F79EFBC}") = "Assembly-CSharp-Editor", "UnityCloudBuildTestProject\Assembly-CSharp-Editor.csproj", "{2697EA6B-8F76-7652-AB05-0ADEE19CC567}"
EndProject
Project("{FAE04EC0-301F-11D3-BF4B-00C04F79EFBC}") = "Assembly-CSharp", "UnityCloudBuildTestProject\Assembly-CSharp.csproj", "{7892CB1A-812E-0E5D-9412-2039098014EB}"
EndProject
Global
	GlobalSection(SolutionConfigurationPlatforms) = preSolution
		Debug|Any CPU = Debug|Any CPU
		Release|Any CPU = Release|Any CPU
	EndGlobalSection
	GlobalSection(ProjectConfigurationPlatforms) = postSolution
		{2697EA6B-8F76-7652-AB05-0ADEE19CC567}.Debug|Any CPU.ActiveCfg = Debug|Any CPU
		{2697EA6B-8F76-7652-AB05-0ADEE19CC567}.Debug|Any CPU.Build.0 = Debug|Any CPU
		{2697EA6B-8F76-7652-AB05-0ADEE19CC567}.Release|Any CPU.ActiveCfg = Release|Any CPU
		{2697EA6B-8F76-7652-AB05-0ADEE19CC567}.Release|Any CPU.Build.0 = Release|Any CPU
		{7892CB1A-812E-0E5D-9412-2039098014EB}.Debug|Any CPU.ActiveCfg = Debug|Any CPU
		{7892CB1A-812E-0E5D-9412-2039098014EB}.Debug|Any CPU.Build.0 = Debug|Any CPU
		{7892CB1A-812E-0E5D-9412-2039098014EB}.Release|Any CPU.ActiveCfg = Release|Any CPU
		{7892CB1A-812E-0E5D-9412-2039098014EB}.Release|Any CPU.Build.0 = Release|Any CPU
	EndGlobalSection
	GlobalSection(SolutionProperties) = preSolution
		HideSolutionNode = FALSE
	EndGlobalSection
	GlobalSection(NestedProjects) = preSolution
		{2697EA6B-8F76-7652-AB05-0ADEE19CC567} = {101EAE0D-7966-7BA9-9E63-1495CD153055}
		{7892CB1A-812E-0E5D-9412-2039098014EB} = {101EAE0D-7966-7BA9-9E63-1495CD153055}
	EndGlobalSection
	GlobalSection(ExtensibilityGlobals) = postSolution
		SolutionGuid = {92C0ADED-EF96-42BA-96C7-F8172623A52F}
	EndGlobalSection
EndGlobal
